PODS:
  - WJConfig (2.0):
    - WJLoggingAPI (>= 2.0)
  - WJLoggingAPI (2.0)

DEPENDENCIES:
  - WJConfig (>= 2.0)
  - WJLoggingAPI (>= 2.0)

SPEC REPOS:
  https://github.com/yunhaiwu/ios-wj-framework-cocoapods-specs.git:
    - WJConfig
    - WJLoggingAPI

SPEC CHECKSUMS:
  WJConfig: deda632fdec1562c21e62be1acace6346c0cceca
  WJLoggingAPI: 183581a351d51f93ec9900a3cc5f2df15b907de3

PODFILE CHECKSUM: a3e628139b26b4fbe45b1f9574651b6b6e0f617d

COCOAPODS: 1.5.3
